schema: '2.0'
stages:
  data_ingestion:
    cmd: python src/data_ingestion.py
    deps:
    - path: src/data_ingestion.py
      hash: md5
      md5: ab39ed8e364047d5da1218b0466a627c
      size: 7613
    params:
      params.yaml:
        data_ingestion:
          test_size: 0.15
    outs:
    - path: data/raw
      hash: md5
      md5: f9661bfd5182dfb6b3d8b8fbdbe22b9e.dir
      size: 443700
      nfiles: 2
  data_pre-processing:
    cmd: python src/data_pre-processing.py
    deps:
    - path: data/raw
      hash: md5
      md5: f9661bfd5182dfb6b3d8b8fbdbe22b9e.dir
      size: 443700
      nfiles: 2
    - path: src/data_pre-processing.py
      hash: md5
      md5: cd6ee34bad48224140ae174b2f09a4a6
      size: 5741
    outs:
    - path: data/interim
      hash: md5
      md5: 3ed286baea804a1137fc3f10ea056d18.dir
      size: 254243
      nfiles: 2
  feature_engineering:
    cmd: python src/feature_engineering.py
    deps:
    - path: data/raw
      hash: md5
      md5: f9661bfd5182dfb6b3d8b8fbdbe22b9e.dir
      size: 443700
      nfiles: 2
    - path: src/feature_engineering.py
      hash: md5
      md5: 526b5c08cd29ba22f33edf516e8e17a6
      size: 6129
    params:
      params.yaml:
        feature_engineering:
          max_features: 45
    outs:
    - path: data/processed
      hash: md5
      md5: 4a2f8cd6fe91fd608c994eaf4650deca.dir
      size: 1048601
      nfiles: 2
  model_building:
    cmd: python src/model_building.py
    deps:
    - path: data/processed
      hash: md5
      md5: 4a2f8cd6fe91fd608c994eaf4650deca.dir
      size: 1048601
      nfiles: 2
    - path: src/model_building.py
      hash: md5
      md5: 85a00f2f659f169ad7cfef9673d0b006
      size: 4305
    params:
      params.yaml:
        model_building:
          n_estimators: 20
          random_state: 2
    outs:
    - path: models/model.pkl
      hash: md5
      md5: ede9503b363d946fb5cbeed6d12789f5
      size: 816982
  model_evaluation:
    cmd: python src/model_evaluation.py
    deps:
    - path: models/model.pkl
      hash: md5
      md5: ede9503b363d946fb5cbeed6d12789f5
      size: 816982
    - path: src/model_evaluation.py
      hash: md5
      md5: b52f8072397d960be7f3711bcabfd119
      size: 3590
    outs:
    - path: dvclive/metrics.json
      hash: md5
      md5: ca061699119a4cc5aedb7a9c9c899fdc
      size: 145
